
Microsoft Visual Studio Solution File, Format Version 12.00
# Visual Studio Version 17
VisualStudioVersion = 17.14.36414.22 d17.14
MinimumVisualStudioVersion = 10.0.40219.1
Project("{FAE04EC0-301F-11D3-BF4B-00C04F79EFBC}") = "CV02", "CV02.csproj", "{4C974EDE-763F-499B-955C-1603B4425DE8}"
EndProject
Global
	GlobalSection(SolutionConfigurationPlatforms) = preSolution
		Debug|Any CPU = Debug|Any CPU
		Release|Any CPU = Release|Any CPU
	EndGlobalSection
	GlobalSection(ProjectConfigurationPlatforms) = postSolution
		{4C974EDE-763F-499B-955C-1603B4425DE8}.Debug|Any CPU.ActiveCfg = Debug|Any CPU
		{4C974EDE-763F-499B-955C-1603B4425DE8}.Debug|Any CPU.Build.0 = Debug|Any CPU
		{4C974EDE-763F-499B-955C-1603B4425DE8}.Release|Any CPU.ActiveCfg = Release|Any CPU
		{4C974EDE-763F-499B-955C-1603B4425DE8}.Release|Any CPU.Build.0 = Release|Any CPU
	EndGlobalSection
	GlobalSection(SolutionProperties) = preSolution
		HideSolutionNode = FALSE
	EndGlobalSection
	GlobalSection(ExtensibilityGlobals) = postSolution
		SolutionGuid = {1BE926C9-0D33-47A2-8131-A4FB97E90B01}
	EndGlobalSection
EndGlobal
